# THIS IS AN AUTOGENERATED FILE. DO NOT EDIT THIS FILE DIRECTLY.
# yarn lockfile v1


"@esbuild/aix-ppc64@0.25.2":
  version "0.25.2"
  resolved "https://registry.yarnpkg.com/@esbuild/aix-ppc64/-/aix-ppc64-0.25.2.tgz#b87036f644f572efb2b3c75746c97d1d2d87ace8"
  integrity sha512-wCIboOL2yXZym2cgm6mlA742s9QeJ8DjGVaL39dLN4rRwrOgOyYSnOaFPhKZGLb2ngj4EyfAFjsNJwPXZvseag==

"@esbuild/android-arm64@0.25.2":
  version "0.25.2"
  resolved "https://registry.yarnpkg.com/@esbuild/android-arm64/-/android-arm64-0.25.2.tgz#5ca7dc20a18f18960ad8d5e6ef5cf7b0a256e196"
  integrity sha512-5ZAX5xOmTligeBaeNEPnPaeEuah53Id2tX4c2CVP3JaROTH+j4fnfHCkr1PjXMd78hMst+TlkfKcW/DlTq0i4w==

"@esbuild/android-arm@0.25.2":
  version "0.25.2"
  resolved "https://registry.yarnpkg.com/@esbuild/android-arm/-/android-arm-0.25.2.tgz#3c49f607b7082cde70c6ce0c011c362c57a194ee"
  integrity sha512-NQhH7jFstVY5x8CKbcfa166GoV0EFkaPkCKBQkdPJFvo5u+nGXLEH/ooniLb3QI8Fk58YAx7nsPLozUWfCBOJA==

"@esbuild/android-x64@0.25.2":
  version "0.25.2"
  resolved "https://registry.yarnpkg.com/@esbuild/android-x64/-/android-x64-0.25.2.tgz#8a00147780016aff59e04f1036e7cb1b683859e2"
  integrity sha512-Ffcx+nnma8Sge4jzddPHCZVRvIfQ0kMsUsCMcJRHkGJ1cDmhe4SsrYIjLUKn1xpHZybmOqCWwB0zQvsjdEHtkg==

"@esbuild/darwin-arm64@0.25.2":
  version "0.25.2"
  resolved "https://registry.yarnpkg.com/@esbuild/darwin-arm64/-/darwin-arm64-0.25.2.tgz#486efe7599a8d90a27780f2bb0318d9a85c6c423"
  integrity sha512-MpM6LUVTXAzOvN4KbjzU/q5smzryuoNjlriAIx+06RpecwCkL9JpenNzpKd2YMzLJFOdPqBpuub6eVRP5IgiSA==

"@esbuild/darwin-x64@0.25.2":
  version "0.25.2"
  resolved "https://registry.yarnpkg.com/@esbuild/darwin-x64/-/darwin-x64-0.25.2.tgz#95ee222aacf668c7a4f3d7ee87b3240a51baf374"
  integrity sha512-5eRPrTX7wFyuWe8FqEFPG2cU0+butQQVNcT4sVipqjLYQjjh8a8+vUTfgBKM88ObB85ahsnTwF7PSIt6PG+QkA==

"@esbuild/freebsd-arm64@0.25.2":
  version "0.25.2"
  resolved "https://registry.yarnpkg.com/@esbuild/freebsd-arm64/-/freebsd-arm64-0.25.2.tgz#67efceda8554b6fc6a43476feba068fb37fa2ef6"
  integrity sha512-mLwm4vXKiQ2UTSX4+ImyiPdiHjiZhIaE9QvC7sw0tZ6HoNMjYAqQpGyui5VRIi5sGd+uWq940gdCbY3VLvsO1w==

"@esbuild/freebsd-x64@0.25.2":
  version "0.25.2"
  resolved "https://registry.yarnpkg.com/@esbuild/freebsd-x64/-/freebsd-x64-0.25.2.tgz#88a9d7ecdd3adadbfe5227c2122d24816959b809"
  integrity sha512-6qyyn6TjayJSwGpm8J9QYYGQcRgc90nmfdUb0O7pp1s4lTY+9D0H9O02v5JqGApUyiHOtkz6+1hZNvNtEhbwRQ==

"@esbuild/linux-arm64@0.25.2":
  version "0.25.2"
  resolved "https://registry.yarnpkg.com/@esbuild/linux-arm64/-/linux-arm64-0.25.2.tgz#87be1099b2bbe61282333b084737d46bc8308058"
  integrity sha512-gq/sjLsOyMT19I8obBISvhoYiZIAaGF8JpeXu1u8yPv8BE5HlWYobmlsfijFIZ9hIVGYkbdFhEqC0NvM4kNO0g==

"@esbuild/linux-arm@0.25.2":
  version "0.25.2"
  resolved "https://registry.yarnpkg.com/@esbuild/linux-arm/-/linux-arm-0.25.2.tgz#72a285b0fe64496e191fcad222185d7bf9f816f6"
  integrity sha512-UHBRgJcmjJv5oeQF8EpTRZs/1knq6loLxTsjc3nxO9eXAPDLcWW55flrMVc97qFPbmZP31ta1AZVUKQzKTzb0g==

"@esbuild/linux-ia32@0.25.2":
  version "0.25.2"
  resolved "https://registry.yarnpkg.com/@esbuild/linux-ia32/-/linux-ia32-0.25.2.tgz#337a87a4c4dd48a832baed5cbb022be20809d737"
  integrity sha512-bBYCv9obgW2cBP+2ZWfjYTU+f5cxRoGGQ5SeDbYdFCAZpYWrfjjfYwvUpP8MlKbP0nwZ5gyOU/0aUzZ5HWPuvQ==

"@esbuild/linux-loong64@0.25.2":
  version "0.25.2"
  resolved "https://registry.yarnpkg.com/@esbuild/linux-loong64/-/linux-loong64-0.25.2.tgz#1b81aa77103d6b8a8cfa7c094ed3d25c7579ba2a"
  integrity sha512-SHNGiKtvnU2dBlM5D8CXRFdd+6etgZ9dXfaPCeJtz+37PIUlixvlIhI23L5khKXs3DIzAn9V8v+qb1TRKrgT5w==

"@esbuild/linux-mips64el@0.25.2":
  version "0.25.2"
  resolved "https://registry.yarnpkg.com/@esbuild/linux-mips64el/-/linux-mips64el-0.25.2.tgz#afbe380b6992e7459bf7c2c3b9556633b2e47f30"
  integrity sha512-hDDRlzE6rPeoj+5fsADqdUZl1OzqDYow4TB4Y/3PlKBD0ph1e6uPHzIQcv2Z65u2K0kpeByIyAjCmjn1hJgG0Q==

"@esbuild/linux-ppc64@0.25.2":
  version "0.25.2"
  resolved "https://registry.yarnpkg.com/@esbuild/linux-ppc64/-/linux-ppc64-0.25.2.tgz#6bf8695cab8a2b135cca1aa555226dc932d52067"
  integrity sha512-tsHu2RRSWzipmUi9UBDEzc0nLc4HtpZEI5Ba+Omms5456x5WaNuiG3u7xh5AO6sipnJ9r4cRWQB2tUjPyIkc6g==

"@esbuild/linux-riscv64@0.25.2":
  version "0.25.2"
  resolved "https://registry.yarnpkg.com/@esbuild/linux-riscv64/-/linux-riscv64-0.25.2.tgz#43c2d67a1a39199fb06ba978aebb44992d7becc3"
  integrity sha512-k4LtpgV7NJQOml/10uPU0s4SAXGnowi5qBSjaLWMojNCUICNu7TshqHLAEbkBdAszL5TabfvQ48kK84hyFzjnw==

"@esbuild/linux-s390x@0.25.2":
  version "0.25.2"
  resolved "https://registry.yarnpkg.com/@esbuild/linux-s390x/-/linux-s390x-0.25.2.tgz#419e25737ec815c6dce2cd20d026e347cbb7a602"
  integrity sha512-GRa4IshOdvKY7M/rDpRR3gkiTNp34M0eLTaC1a08gNrh4u488aPhuZOCpkF6+2wl3zAN7L7XIpOFBhnaE3/Q8Q==

"@esbuild/linux-x64@0.25.2":
  version "0.25.2"
  resolved "https://registry.yarnpkg.com/@esbuild/linux-x64/-/linux-x64-0.25.2.tgz#22451f6edbba84abe754a8cbd8528ff6e28d9bcb"
  integrity sha512-QInHERlqpTTZ4FRB0fROQWXcYRD64lAoiegezDunLpalZMjcUcld3YzZmVJ2H/Cp0wJRZ8Xtjtj0cEHhYc/uUg==

"@esbuild/netbsd-arm64@0.25.2":
  version "0.25.2"
  resolved "https://registry.yarnpkg.com/@esbuild/netbsd-arm64/-/netbsd-arm64-0.25.2.tgz#744affd3b8d8236b08c5210d828b0698a62c58ac"
  integrity sha512-talAIBoY5M8vHc6EeI2WW9d/CkiO9MQJ0IOWX8hrLhxGbro/vBXJvaQXefW2cP0z0nQVTdQ/eNyGFV1GSKrxfw==

"@esbuild/netbsd-x64@0.25.2":
  version "0.25.2"
  resolved "https://registry.yarnpkg.com/@esbuild/netbsd-x64/-/netbsd-x64-0.25.2.tgz#dbbe7521fd6d7352f34328d676af923fc0f8a78f"
  integrity sha512-voZT9Z+tpOxrvfKFyfDYPc4DO4rk06qamv1a/fkuzHpiVBMOhpjK+vBmWM8J1eiB3OLSMFYNaOaBNLXGChf5tg==

"@esbuild/openbsd-arm64@0.25.2":
  version "0.25.2"
  resolved "https://registry.yarnpkg.com/@esbuild/openbsd-arm64/-/openbsd-arm64-0.25.2.tgz#f9caf987e3e0570500832b487ce3039ca648ce9f"
  integrity sha512-dcXYOC6NXOqcykeDlwId9kB6OkPUxOEqU+rkrYVqJbK2hagWOMrsTGsMr8+rW02M+d5Op5NNlgMmjzecaRf7Tg==

"@esbuild/openbsd-x64@0.25.2":
  version "0.25.2"
  resolved "https://registry.yarnpkg.com/@esbuild/openbsd-x64/-/openbsd-x64-0.25.2.tgz#d2bb6a0f8ffea7b394bb43dfccbb07cabd89f768"
  integrity sha512-t/TkWwahkH0Tsgoq1Ju7QfgGhArkGLkF1uYz8nQS/PPFlXbP5YgRpqQR3ARRiC2iXoLTWFxc6DJMSK10dVXluw==

"@esbuild/sunos-x64@0.25.2":
  version "0.25.2"
  resolved "https://registry.yarnpkg.com/@esbuild/sunos-x64/-/sunos-x64-0.25.2.tgz#49b437ed63fe333b92137b7a0c65a65852031afb"
  integrity sha512-cfZH1co2+imVdWCjd+D1gf9NjkchVhhdpgb1q5y6Hcv9TP6Zi9ZG/beI3ig8TvwT9lH9dlxLq5MQBBgwuj4xvA==

"@esbuild/win32-arm64@0.25.2":
  version "0.25.2"
  resolved "https://registry.yarnpkg.com/@esbuild/win32-arm64/-/win32-arm64-0.25.2.tgz#081424168463c7d6c7fb78f631aede0c104373cf"
  integrity sha512-7Loyjh+D/Nx/sOTzV8vfbB3GJuHdOQyrOryFdZvPHLf42Tk9ivBU5Aedi7iyX+x6rbn2Mh68T4qq1SDqJBQO5Q==

"@esbuild/win32-ia32@0.25.2":
  version "0.25.2"
  resolved "https://registry.yarnpkg.com/@esbuild/win32-ia32/-/win32-ia32-0.25.2.tgz#3f9e87143ddd003133d21384944a6c6cadf9693f"
  integrity sha512-WRJgsz9un0nqZJ4MfhabxaD9Ft8KioqU3JMinOTvobbX6MOSUigSBlogP8QB3uxpJDsFS6yN+3FDBdqE5lg9kg==

"@esbuild/win32-x64@0.25.2":
  version "0.25.2"
  resolved "https://registry.yarnpkg.com/@esbuild/win32-x64/-/win32-x64-0.25.2.tgz#839f72c2decd378f86b8f525e1979a97b920c67d"
  integrity sha512-kM3HKb16VIXZyIeVrM1ygYmZBKybX8N4p754bw390wGO3Tf2j4L2/WYL+4suWujpgf6GBYs3jv7TyUivdd05JA==

"@rollup/rollup-android-arm-eabi@4.39.0":
  version "4.39.0"
  resolved "https://registry.yarnpkg.com/@rollup/rollup-android-arm-eabi/-/rollup-android-arm-eabi-4.39.0.tgz#1d8cc5dd3d8ffe569d8f7f67a45c7909828a0f66"
  integrity sha512-lGVys55Qb00Wvh8DMAocp5kIcaNzEFTmGhfFd88LfaogYTRKrdxgtlO5H6S49v2Nd8R2C6wLOal0qv6/kCkOwA==

"@rollup/rollup-android-arm64@4.39.0":
  version "4.39.0"
  resolved "https://registry.yarnpkg.com/@rollup/rollup-android-arm64/-/rollup-android-arm64-4.39.0.tgz#9c136034d3d9ed29d0b138c74dd63c5744507fca"
  integrity sha512-It9+M1zE31KWfqh/0cJLrrsCPiF72PoJjIChLX+rEcujVRCb4NLQ5QzFkzIZW8Kn8FTbvGQBY5TkKBau3S8cCQ==

"@rollup/rollup-darwin-arm64@4.39.0":
  version "4.39.0"
  resolved "https://registry.yarnpkg.com/@rollup/rollup-darwin-arm64/-/rollup-darwin-arm64-4.39.0.tgz#830d07794d6a407c12b484b8cf71affd4d3800a6"
  integrity sha512-lXQnhpFDOKDXiGxsU9/l8UEGGM65comrQuZ+lDcGUx+9YQ9dKpF3rSEGepyeR5AHZ0b5RgiligsBhWZfSSQh8Q==

"@rollup/rollup-darwin-x64@4.39.0":
  version "4.39.0"
  resolved "https://registry.yarnpkg.com/@rollup/rollup-darwin-x64/-/rollup-darwin-x64-4.39.0.tgz#b26f0f47005c1fa5419a880f323ed509dc8d885c"
  integrity sha512-mKXpNZLvtEbgu6WCkNij7CGycdw9cJi2k9v0noMb++Vab12GZjFgUXD69ilAbBh034Zwn95c2PNSz9xM7KYEAQ==

"@rollup/rollup-freebsd-arm64@4.39.0":
  version "4.39.0"
  resolved "https://registry.yarnpkg.com/@rollup/rollup-freebsd-arm64/-/rollup-freebsd-arm64-4.39.0.tgz#2b60c81ac01ff7d1bc8df66aee7808b6690c6d19"
  integrity sha512-jivRRlh2Lod/KvDZx2zUR+I4iBfHcu2V/BA2vasUtdtTN2Uk3jfcZczLa81ESHZHPHy4ih3T/W5rPFZ/hX7RtQ==

"@rollup/rollup-freebsd-x64@4.39.0":
  version "4.39.0"
  resolved "https://registry.yarnpkg.com/@rollup/rollup-freebsd-x64/-/rollup-freebsd-x64-4.39.0.tgz#4826af30f4d933d82221289068846c9629cc628c"
  integrity sha512-8RXIWvYIRK9nO+bhVz8DwLBepcptw633gv/QT4015CpJ0Ht8punmoHU/DuEd3iw9Hr8UwUV+t+VNNuZIWYeY7Q==

"@rollup/rollup-linux-arm-gnueabihf@4.39.0":
  version "4.39.0"
  resolved "https://registry.yarnpkg.com/@rollup/rollup-linux-arm-gnueabihf/-/rollup-linux-arm-gnueabihf-4.39.0.tgz#a1f4f963d5dcc9e5575c7acf9911824806436bf7"
  integrity sha512-mz5POx5Zu58f2xAG5RaRRhp3IZDK7zXGk5sdEDj4o96HeaXhlUwmLFzNlc4hCQi5sGdR12VDgEUqVSHer0lI9g==

"@rollup/rollup-linux-arm-musleabihf@4.39.0":
  version "4.39.0"
  resolved "https://registry.yarnpkg.com/@rollup/rollup-linux-arm-musleabihf/-/rollup-linux-arm-musleabihf-4.39.0.tgz#e924b0a8b7c400089146f6278446e6b398b75a06"
  integrity sha512-+YDwhM6gUAyakl0CD+bMFpdmwIoRDzZYaTWV3SDRBGkMU/VpIBYXXEvkEcTagw/7VVkL2vA29zU4UVy1mP0/Yw==

"@rollup/rollup-linux-arm64-gnu@4.39.0":
  version "4.39.0"
  resolved "https://registry.yarnpkg.com/@rollup/rollup-linux-arm64-gnu/-/rollup-linux-arm64-gnu-4.39.0.tgz#cb43303274ec9a716f4440b01ab4e20c23aebe20"
  integrity sha512-EKf7iF7aK36eEChvlgxGnk7pdJfzfQbNvGV/+l98iiMwU23MwvmV0Ty3pJ0p5WQfm3JRHOytSIqD9LB7Bq7xdQ==

"@rollup/rollup-linux-arm64-musl@4.39.0":
  version "4.39.0"
  resolved "https://registry.yarnpkg.com/@rollup/rollup-linux-arm64-musl/-/rollup-linux-arm64-musl-4.39.0.tgz#531c92533ce3d167f2111bfcd2aa1a2041266987"
  integrity sha512-vYanR6MtqC7Z2SNr8gzVnzUul09Wi1kZqJaek3KcIlI/wq5Xtq4ZPIZ0Mr/st/sv/NnaPwy/D4yXg5x0B3aUUA==

"@rollup/rollup-linux-loongarch64-gnu@4.39.0":
  version "4.39.0"
  resolved "https://registry.yarnpkg.com/@rollup/rollup-linux-loongarch64-gnu/-/rollup-linux-loongarch64-gnu-4.39.0.tgz#53403889755d0c37c92650aad016d5b06c1b061a"
  integrity sha512-NMRUT40+h0FBa5fb+cpxtZoGAggRem16ocVKIv5gDB5uLDgBIwrIsXlGqYbLwW8YyO3WVTk1FkFDjMETYlDqiw==

"@rollup/rollup-linux-powerpc64le-gnu@4.39.0":
  version "4.39.0"
  resolved "https://registry.yarnpkg.com/@rollup/rollup-linux-powerpc64le-gnu/-/rollup-linux-powerpc64le-gnu-4.39.0.tgz#f669f162e29094c819c509e99dbeced58fc708f9"
  integrity sha512-0pCNnmxgduJ3YRt+D+kJ6Ai/r+TaePu9ZLENl+ZDV/CdVczXl95CbIiwwswu4L+K7uOIGf6tMo2vm8uadRaICQ==

"@rollup/rollup-linux-riscv64-gnu@4.39.0":
  version "4.39.0"
  resolved "https://registry.yarnpkg.com/@rollup/rollup-linux-riscv64-gnu/-/rollup-linux-riscv64-gnu-4.39.0.tgz#4bab37353b11bcda5a74ca11b99dea929657fd5f"
  integrity sha512-t7j5Zhr7S4bBtksT73bO6c3Qa2AV/HqiGlj9+KB3gNF5upcVkx+HLgxTm8DK4OkzsOYqbdqbLKwvGMhylJCPhQ==

"@rollup/rollup-linux-riscv64-musl@4.39.0":
  version "4.39.0"
  resolved "https://registry.yarnpkg.com/@rollup/rollup-linux-riscv64-musl/-/rollup-linux-riscv64-musl-4.39.0.tgz#4d66be1ce3cfd40a7910eb34dddc7cbd4c2dd2a5"
  integrity sha512-m6cwI86IvQ7M93MQ2RF5SP8tUjD39Y7rjb1qjHgYh28uAPVU8+k/xYWvxRO3/tBN2pZkSMa5RjnPuUIbrwVxeA==

"@rollup/rollup-linux-s390x-gnu@4.39.0":
  version "4.39.0"
  resolved "https://registry.yarnpkg.com/@rollup/rollup-linux-s390x-gnu/-/rollup-linux-s390x-gnu-4.39.0.tgz#7181c329395ed53340a0c59678ad304a99627f6d"
  integrity sha512-iRDJd2ebMunnk2rsSBYlsptCyuINvxUfGwOUldjv5M4tpa93K8tFMeYGpNk2+Nxl+OBJnBzy2/JCscGeO507kA==

"@rollup/rollup-linux-x64-gnu@4.39.0":
  version "4.39.0"
  resolved "https://registry.yarnpkg.com/@rollup/rollup-linux-x64-gnu/-/rollup-linux-x64-gnu-4.39.0.tgz#00825b3458094d5c27cb4ed66e88bfe9f1e65f90"
  integrity sha512-t9jqYw27R6Lx0XKfEFe5vUeEJ5pF3SGIM6gTfONSMb7DuG6z6wfj2yjcoZxHg129veTqU7+wOhY6GX8wmf90dA==

"@rollup/rollup-linux-x64-musl@4.39.0":
  version "4.39.0"
  resolved "https://registry.yarnpkg.com/@rollup/rollup-linux-x64-musl/-/rollup-linux-x64-musl-4.39.0.tgz#81caac2a31b8754186f3acc142953a178fcd6fba"
  integrity sha512-ThFdkrFDP55AIsIZDKSBWEt/JcWlCzydbZHinZ0F/r1h83qbGeenCt/G/wG2O0reuENDD2tawfAj2s8VK7Bugg==

"@rollup/rollup-win32-arm64-msvc@4.39.0":
  version "4.39.0"
  resolved "https://registry.yarnpkg.com/@rollup/rollup-win32-arm64-msvc/-/rollup-win32-arm64-msvc-4.39.0.tgz#3a3f421f5ce9bd99ed20ce1660cce7cee3e9f199"
  integrity sha512-jDrLm6yUtbOg2TYB3sBF3acUnAwsIksEYjLeHL+TJv9jg+TmTwdyjnDex27jqEMakNKf3RwwPahDIt7QXCSqRQ==

"@rollup/rollup-win32-ia32-msvc@4.39.0":
  version "4.39.0"
  resolved "https://registry.yarnpkg.com/@rollup/rollup-win32-ia32-msvc/-/rollup-win32-ia32-msvc-4.39.0.tgz#a44972d5cdd484dfd9cf3705a884bf0c2b7785a7"
  integrity sha512-6w9uMuza+LbLCVoNKL5FSLE7yvYkq9laSd09bwS0tMjkwXrmib/4KmoJcrKhLWHvw19mwU+33ndC69T7weNNjQ==

"@rollup/rollup-win32-x64-msvc@4.39.0":
  version "4.39.0"
  resolved "https://registry.yarnpkg.com/@rollup/rollup-win32-x64-msvc/-/rollup-win32-x64-msvc-4.39.0.tgz#bfe0214e163f70c4fec1c8f7bb8ce266f4c05b7e"
  integrity sha512-yAkUOkIKZlK5dl7u6dg897doBgLXmUHhIINM2c+sND3DZwnrdQkkSiDh7N75Ll4mM4dxSkYfXqU9fW3lLkMFug==

"@types/estree@1.0.7":
  version "1.0.7"
  resolved "https://registry.yarnpkg.com/@types/estree/-/estree-1.0.7.tgz#4158d3105276773d5b7695cd4834b1722e4f37a8"
  integrity sha512-w28IoSUCJpidD/TGviZwwMJckNESJZXFu7NBZ5YJ4mEUnNraUn9Pm8HSZm/jDF1pDWYKspWE7oVphigUPRakIQ==

esbuild@^0.25.0:
  version "0.25.2"
  resolved "https://registry.yarnpkg.com/esbuild/-/esbuild-0.25.2.tgz#55a1d9ebcb3aa2f95e8bba9e900c1a5061bc168b"
  integrity sha512-16854zccKPnC+toMywC+uKNeYSv+/eXkevRAfwRD/G9Cleq66m8XFIrigkbvauLLlCfDL45Q2cWegSg53gGBnQ==
  optionalDependencies:
    "@esbuild/aix-ppc64" "0.25.2"
    "@esbuild/android-arm" "0.25.2"
    "@esbuild/android-arm64" "0.25.2"
    "@esbuild/android-x64" "0.25.2"
    "@esbuild/darwin-arm64" "0.25.2"
    "@esbuild/darwin-x64" "0.25.2"
    "@esbuild/freebsd-arm64" "0.25.2"
    "@esbuild/freebsd-x64" "0.25.2"
    "@esbuild/linux-arm" "0.25.2"
    "@esbuild/linux-arm64" "0.25.2"
    "@esbuild/linux-ia32" "0.25.2"
    "@esbuild/linux-loong64" "0.25.2"
    "@esbuild/linux-mips64el" "0.25.2"
    "@esbuild/linux-ppc64" "0.25.2"
    "@esbuild/linux-riscv64" "0.25.2"
    "@esbuild/linux-s390x" "0.25.2"
    "@esbuild/linux-x64" "0.25.2"
    "@esbuild/netbsd-arm64" "0.25.2"
    "@esbuild/netbsd-x64" "0.25.2"
    "@esbuild/openbsd-arm64" "0.25.2"
    "@esbuild/openbsd-x64" "0.25.2"
    "@esbuild/sunos-x64" "0.25.2"
    "@esbuild/win32-arm64" "0.25.2"
    "@esbuild/win32-ia32" "0.25.2"
    "@esbuild/win32-x64" "0.25.2"

fsevents@~2.3.2, fsevents@~2.3.3:
  version "2.3.3"
  resolved "https://registry.yarnpkg.com/fsevents/-/fsevents-2.3.3.tgz#cac6407785d03675a2a5e1a5305c697b347d90d6"
  integrity sha512-5xoDfX+fL7faATnagmWPpbFtwh/R77WmMMqqHGS65C3vvB0YHrgF+B1YmZ3441tMj5n63k0212XNoJwzlhffQw==

nanoid@^3.3.8:
  version "3.3.11"
  resolved "https://registry.yarnpkg.com/nanoid/-/nanoid-3.3.11.tgz#4f4f112cefbe303202f2199838128936266d185b"
  integrity sha512-N8SpfPUnUp1bK+PMYW8qSWdl9U+wwNWI4QKxOYDy9JAro3WMX7p2OeVRF9v+347pnakNevPmiHhNmZ2HbFA76w==

picocolors@^1.1.1:
  version "1.1.1"
  resolved "https://registry.yarnpkg.com/picocolors/-/picocolors-1.1.1.tgz#3d321af3eab939b083c8f929a1d12cda81c26b6b"
  integrity sha512-xceH2snhtb5M9liqDsmEw56le376mTZkEX/jEb/RxNFyegNul7eNslCXP9FDj/Lcu0X8KEyMceP2ntpaHrDEVA==

postcss@^8.5.3:
  version "8.5.3"
  resolved "https://registry.yarnpkg.com/postcss/-/postcss-8.5.3.tgz#1463b6f1c7fb16fe258736cba29a2de35237eafb"
  integrity sha512-dle9A3yYxlBSrt8Fu+IpjGT8SY8hN0mlaA6GY8t0P5PjIOZemULz/E2Bnm/2dcUOena75OTNkHI76uZBNUUq3A==
  dependencies:
    nanoid "^3.3.8"
    picocolors "^1.1.1"
    source-map-js "^1.2.1"

rollup@^4.30.1:
  version "4.39.0"
  resolved "https://registry.yarnpkg.com/rollup/-/rollup-4.39.0.tgz#9dc1013b70c0e2cb70ef28350142e9b81b3f640c"
  integrity sha512-thI8kNc02yNvnmJp8dr3fNWJ9tCONDhp6TV35X6HkKGGs9E6q7YWCHbe5vKiTa7TAiNcFEmXKj3X/pG2b3ci0g==
  dependencies:
    "@types/estree" "1.0.7"
  optionalDependencies:
    "@rollup/rollup-android-arm-eabi" "4.39.0"
    "@rollup/rollup-android-arm64" "4.39.0"
    "@rollup/rollup-darwin-arm64" "4.39.0"
    "@rollup/rollup-darwin-x64" "4.39.0"
    "@rollup/rollup-freebsd-arm64" "4.39.0"
    "@rollup/rollup-freebsd-x64" "4.39.0"
    "@rollup/rollup-linux-arm-gnueabihf" "4.39.0"
    "@rollup/rollup-linux-arm-musleabihf" "4.39.0"
    "@rollup/rollup-linux-arm64-gnu" "4.39.0"
    "@rollup/rollup-linux-arm64-musl" "4.39.0"
    "@rollup/rollup-linux-loongarch64-gnu" "4.39.0"
    "@rollup/rollup-linux-powerpc64le-gnu" "4.39.0"
    "@rollup/rollup-linux-riscv64-gnu" "4.39.0"
    "@rollup/rollup-linux-riscv64-musl" "4.39.0"
    "@rollup/rollup-linux-s390x-gnu" "4.39.0"
    "@rollup/rollup-linux-x64-gnu" "4.39.0"
    "@rollup/rollup-linux-x64-musl" "4.39.0"
    "@rollup/rollup-win32-arm64-msvc" "4.39.0"
    "@rollup/rollup-win32-ia32-msvc" "4.39.0"
    "@rollup/rollup-win32-x64-msvc" "4.39.0"
    fsevents "~2.3.2"

source-map-js@^1.2.1:
  version "1.2.1"
  resolved "https://registry.yarnpkg.com/source-map-js/-/source-map-js-1.2.1.tgz#1ce5650fddd87abc099eda37dcff024c2667ae46"
  integrity sha512-UXWMKhLOwVKb728IUtQPXxfYU+usdybtUrK/8uGE8CQMvrhOpwvzDBwj0QhSL7MQc7vIsISBG8VQ8+IDQxpfQA==

vite@6.2.3:
  version "6.2.3"
  resolved "https://registry.yarnpkg.com/vite/-/vite-6.2.3.tgz#249e92d32886981ab46bc1f049ac72abc6fa81e2"
  integrity sha512-IzwM54g4y9JA/xAeBPNaDXiBF8Jsgl3VBQ2YQ/wOY6fyW3xMdSoltIV3Bo59DErdqdE6RxUfv8W69DvUorE4Eg==
  dependencies:
    esbuild "^0.25.0"
    postcss "^8.5.3"
    rollup "^4.30.1"
  optionalDependencies:
    fsevents "~2.3.3"
